
Microsoft Visual Studio Solution File, Format Version 12.00
# Visual Studio Version 17
VisualStudioVersion = 17.7.34221.43
MinimumVisualStudioVersion = 10.0.40219.1
Project("{FAE04EC0-301F-11D3-BF4B-00C04F79EFBC}") = "QLTB", "QLSV_Main\QLTB.csproj", "{95100E7F-F14A-48D9-9CC9-88D979CA03CF}"
EndProject
Global
	GlobalSection(SolutionConfigurationPlatforms) = preSolution
		Debug|Any CPU = Debug|Any CPU
		Release|Any CPU = Release|Any CPU
	EndGlobalSection
	GlobalSection(ProjectConfigurationPlatforms) = postSolution
		{95100E7F-F14A-48D9-9CC9-88D979CA03CF}.Debug|Any CPU.ActiveCfg = Debug|Any CPU
		{95100E7F-F14A-48D9-9CC9-88D979CA03CF}.Debug|Any CPU.Build.0 = Debug|Any CPU
		{95100E7F-F14A-48D9-9CC9-88D979CA03CF}.Release|Any CPU.ActiveCfg = Release|Any CPU
		{95100E7F-F14A-48D9-9CC9-88D979CA03CF}.Release|Any CPU.Build.0 = Release|Any CPU
	EndGlobalSection
	GlobalSection(SolutionProperties) = preSolution
		HideSolutionNode = FALSE
	EndGlobalSection
	GlobalSection(ExtensibilityGlobals) = postSolution
		SolutionGuid = {B86A9B74-BE7E-448F-B280-5CDD9EE61FF4}
	EndGlobalSection
EndGlobal
